
Microsoft Visual Studio Solution File, Format Version 12.00
# Visual Studio 15
VisualStudioVersion = 15.0.28307.271
MinimumVisualStudioVersion = 10.0.40219.1
Project("{FAE04EC0-301F-11D3-BF4B-00C04F79EFBC}") = "Sistema Gestion de Documentos", "Sistema Gestion de Documentos\Sistema Gestion de Documentos.csproj", "{BFBC0FC0-A381-400A-85DF-5CC4D80682D5}"
EndProject
Global
	GlobalSection(SolutionConfigurationPlatforms) = preSolution
		Debug|Any CPU = Debug|Any CPU
		Release|Any CPU = Release|Any CPU
	EndGlobalSection
	GlobalSection(ProjectConfigurationPlatforms) = postSolution
		{BFBC0FC0-A381-400A-85DF-5CC4D80682D5}.Debug|Any CPU.ActiveCfg = Debug|Any CPU
		{BFBC0FC0-A381-400A-85DF-5CC4D80682D5}.Debug|Any CPU.Build.0 = Debug|Any CPU
		{BFBC0FC0-A381-400A-85DF-5CC4D80682D5}.Release|Any CPU.ActiveCfg = Release|Any CPU
		{BFBC0FC0-A381-400A-85DF-5CC4D80682D5}.Release|Any CPU.Build.0 = Release|Any CPU
	EndGlobalSection
	GlobalSection(SolutionProperties) = preSolution
		HideSolutionNode = FALSE
	EndGlobalSection
	GlobalSection(ExtensibilityGlobals) = postSolution
		SolutionGuid = {EC47E8A8-255C-4347-9FDB-C8538F89E4C4}
	EndGlobalSection
EndGlobal
